
Microsoft Visual Studio Solution File, Format Version 12.00
# Visual Studio 15
VisualStudioVersion = 15.0.28307.1145
MinimumVisualStudioVersion = 10.0.40219.1
Project("{2150E333-8FDC-42A3-9474-1A3956D46DE8}") = "Project", "Project", "{FB90E1CA-2227-47D9-B285-35F54A2ECD27}"
EndProject
Project("{2150E333-8FDC-42A3-9474-1A3956D46DE8}") = "Feature", "Feature", "{3BC6323F-B8A9-4701-A475-55746A4693BF}"
EndProject
Project("{2150E333-8FDC-42A3-9474-1A3956D46DE8}") = "Foundation", "Foundation", "{9A3BBB36-E595-4CAF-A26E-D1E58D9686D2}"
EndProject
Project("{2150E333-8FDC-42A3-9474-1A3956D46DE8}") = "Carousel", "Carousel", "{8649267A-A9FD-4AB4-8D73-413FA7CC6142}"
EndProject
Project("{2150E333-8FDC-42A3-9474-1A3956D46DE8}") = "Header", "Header", "{58A25135-A8DF-4C1F-9E8C-9B051C4497AF}"
EndProject
Project("{2150E333-8FDC-42A3-9474-1A3956D46DE8}") = "Navigation", "Navigation", "{8B048F9C-43C8-47DD-9A51-0B7DACCD82DD}"
EndProject
Project("{2150E333-8FDC-42A3-9474-1A3956D46DE8}") = "PageContent", "PageContent", "{E86D3998-7A1B-4FE1-BCCD-0F6E80D2180A}"
EndProject
Project("{2150E333-8FDC-42A3-9474-1A3956D46DE8}") = "GlassMapper", "GlassMapper", "{F75CA75F-2EEE-4772-9249-2411C1493860}"
EndProject
Project("{2150E333-8FDC-42A3-9474-1A3956D46DE8}") = "Website", "Website", "{6577216D-EA50-475A-AC4D-03B463236620}"
EndProject
Project("{2150E333-8FDC-42A3-9474-1A3956D46DE8}") = "Configuration", "Configuration", "{E591D4B9-9EE0-4660-8DB1-10065B298A75}"
EndProject
Project("{FAE04EC0-301F-11D3-BF4B-00C04F79EFBC}") = "Coffee.Feature.Carousel", "src\Feature\Carousel\code\Coffee.Feature.Carousel.csproj", "{22013213-9BF8-4FCD-B9FD-91F8B6260554}"
EndProject
Project("{FAE04EC0-301F-11D3-BF4B-00C04F79EFBC}") = "Coffee.Feature.Header", "src\Feature\Header\code\Coffee.Feature.Header.csproj", "{1573A8EF-39BF-42D5-8A20-34F6882B3407}"
EndProject
Project("{FAE04EC0-301F-11D3-BF4B-00C04F79EFBC}") = "Coffee.Feature.Navigation", "src\Feature\Navigation\code\Coffee.Feature.Navigation.csproj", "{31218D51-C294-4EE3-9F9A-2E0C9FC8F6BC}"
EndProject
Project("{FAE04EC0-301F-11D3-BF4B-00C04F79EFBC}") = "Coffee.Feature.PageContent", "src\Feature\PageContent\code\Coffee.Feature.PageContent.csproj", "{B6E6CC96-05B3-4F2A-AEEE-5BF163FB9CA8}"
EndProject
Project("{FAE04EC0-301F-11D3-BF4B-00C04F79EFBC}") = "Coffee.Foundation.Configuration", "src\Foundation\Configuration\code\Coffee.Foundation.Configuration.csproj", "{FD6EC86D-D1B1-4283-BA84-3704D212ABAB}"
EndProject
Project("{FAE04EC0-301F-11D3-BF4B-00C04F79EFBC}") = "Coffee.Foundation.GlassMapper", "src\Foundation\GlassMapper\code\Coffee.Foundation.GlassMapper.csproj", "{3FE221DD-2271-441D-8CDA-B564D4D1FF54}"
EndProject
Project("{FAE04EC0-301F-11D3-BF4B-00C04F79EFBC}") = "Coffee.Project.GreenStreetCoffee", "src\Project\Website\GreenStreetCoffee\code\Coffee.Project.GreenStreetCoffee.csproj", "{66A408F7-B211-460E-AE1A-98195BB991EC}"
EndProject
Global
	GlobalSection(SolutionConfigurationPlatforms) = preSolution
		Debug|Any CPU = Debug|Any CPU
		Release|Any CPU = Release|Any CPU
	EndGlobalSection
	GlobalSection(ProjectConfigurationPlatforms) = postSolution
		{22013213-9BF8-4FCD-B9FD-91F8B6260554}.Debug|Any CPU.ActiveCfg = Debug|Any CPU
		{22013213-9BF8-4FCD-B9FD-91F8B6260554}.Debug|Any CPU.Build.0 = Debug|Any CPU
		{22013213-9BF8-4FCD-B9FD-91F8B6260554}.Release|Any CPU.ActiveCfg = Release|Any CPU
		{22013213-9BF8-4FCD-B9FD-91F8B6260554}.Release|Any CPU.Build.0 = Release|Any CPU
		{1573A8EF-39BF-42D5-8A20-34F6882B3407}.Debug|Any CPU.ActiveCfg = Debug|Any CPU
		{1573A8EF-39BF-42D5-8A20-34F6882B3407}.Debug|Any CPU.Build.0 = Debug|Any CPU
		{1573A8EF-39BF-42D5-8A20-34F6882B3407}.Release|Any CPU.ActiveCfg = Release|Any CPU
		{1573A8EF-39BF-42D5-8A20-34F6882B3407}.Release|Any CPU.Build.0 = Release|Any CPU
		{31218D51-C294-4EE3-9F9A-2E0C9FC8F6BC}.Debug|Any CPU.ActiveCfg = Debug|Any CPU
		{31218D51-C294-4EE3-9F9A-2E0C9FC8F6BC}.Debug|Any CPU.Build.0 = Debug|Any CPU
		{31218D51-C294-4EE3-9F9A-2E0C9FC8F6BC}.Release|Any CPU.ActiveCfg = Release|Any CPU
		{31218D51-C294-4EE3-9F9A-2E0C9FC8F6BC}.Release|Any CPU.Build.0 = Release|Any CPU
		{B6E6CC96-05B3-4F2A-AEEE-5BF163FB9CA8}.Debug|Any CPU.ActiveCfg = Debug|Any CPU
		{B6E6CC96-05B3-4F2A-AEEE-5BF163FB9CA8}.Debug|Any CPU.Build.0 = Debug|Any CPU
		{B6E6CC96-05B3-4F2A-AEEE-5BF163FB9CA8}.Release|Any CPU.ActiveCfg = Release|Any CPU
		{B6E6CC96-05B3-4F2A-AEEE-5BF163FB9CA8}.Release|Any CPU.Build.0 = Release|Any CPU
		{FD6EC86D-D1B1-4283-BA84-3704D212ABAB}.Debug|Any CPU.ActiveCfg = Debug|Any CPU
		{FD6EC86D-D1B1-4283-BA84-3704D212ABAB}.Debug|Any CPU.Build.0 = Debug|Any CPU
		{FD6EC86D-D1B1-4283-BA84-3704D212ABAB}.Release|Any CPU.ActiveCfg = Release|Any CPU
		{FD6EC86D-D1B1-4283-BA84-3704D212ABAB}.Release|Any CPU.Build.0 = Release|Any CPU
		{3FE221DD-2271-441D-8CDA-B564D4D1FF54}.Debug|Any CPU.ActiveCfg = Debug|Any CPU
		{3FE221DD-2271-441D-8CDA-B564D4D1FF54}.Debug|Any CPU.Build.0 = Debug|Any CPU
		{3FE221DD-2271-441D-8CDA-B564D4D1FF54}.Release|Any CPU.ActiveCfg = Release|Any CPU
		{3FE221DD-2271-441D-8CDA-B564D4D1FF54}.Release|Any CPU.Build.0 = Release|Any CPU
		{66A408F7-B211-460E-AE1A-98195BB991EC}.Debug|Any CPU.ActiveCfg = Debug|Any CPU
		{66A408F7-B211-460E-AE1A-98195BB991EC}.Debug|Any CPU.Build.0 = Debug|Any CPU
		{66A408F7-B211-460E-AE1A-98195BB991EC}.Release|Any CPU.ActiveCfg = Release|Any CPU
		{66A408F7-B211-460E-AE1A-98195BB991EC}.Release|Any CPU.Build.0 = Release|Any CPU
	EndGlobalSection
	GlobalSection(SolutionProperties) = preSolution
		HideSolutionNode = FALSE
	EndGlobalSection
	GlobalSection(NestedProjects) = preSolution
		{8649267A-A9FD-4AB4-8D73-413FA7CC6142} = {3BC6323F-B8A9-4701-A475-55746A4693BF}
		{58A25135-A8DF-4C1F-9E8C-9B051C4497AF} = {3BC6323F-B8A9-4701-A475-55746A4693BF}
		{8B048F9C-43C8-47DD-9A51-0B7DACCD82DD} = {3BC6323F-B8A9-4701-A475-55746A4693BF}
		{E86D3998-7A1B-4FE1-BCCD-0F6E80D2180A} = {3BC6323F-B8A9-4701-A475-55746A4693BF}
		{F75CA75F-2EEE-4772-9249-2411C1493860} = {9A3BBB36-E595-4CAF-A26E-D1E58D9686D2}
		{6577216D-EA50-475A-AC4D-03B463236620} = {FB90E1CA-2227-47D9-B285-35F54A2ECD27}
		{E591D4B9-9EE0-4660-8DB1-10065B298A75} = {9A3BBB36-E595-4CAF-A26E-D1E58D9686D2}
		{22013213-9BF8-4FCD-B9FD-91F8B6260554} = {8649267A-A9FD-4AB4-8D73-413FA7CC6142}
		{1573A8EF-39BF-42D5-8A20-34F6882B3407} = {58A25135-A8DF-4C1F-9E8C-9B051C4497AF}
		{31218D51-C294-4EE3-9F9A-2E0C9FC8F6BC} = {8B048F9C-43C8-47DD-9A51-0B7DACCD82DD}
		{B6E6CC96-05B3-4F2A-AEEE-5BF163FB9CA8} = {E86D3998-7A1B-4FE1-BCCD-0F6E80D2180A}
		{FD6EC86D-D1B1-4283-BA84-3704D212ABAB} = {E591D4B9-9EE0-4660-8DB1-10065B298A75}
		{3FE221DD-2271-441D-8CDA-B564D4D1FF54} = {F75CA75F-2EEE-4772-9249-2411C1493860}
		{66A408F7-B211-460E-AE1A-98195BB991EC} = {6577216D-EA50-475A-AC4D-03B463236620}
	EndGlobalSection
	GlobalSection(ExtensibilityGlobals) = postSolution
		SolutionGuid = {CEA4F567-6316-479F-A6B1-81D0C25833DF}
	EndGlobalSection
EndGlobal
